{
    "version": 3,
    "terraform_version": "0.11.13",
    "serial": 2,
    "lineage": "9b1ad509-618b-b64b-13b3-075ca5e1f222",
    "modules": [
        {
            "path": [
                "root"
            ],
            "outputs": {},
            "resources": {
                "digitalocean_droplet.web": {
                    "type": "digitalocean_droplet",
                    "depends_on": [
                        "digitalocean_ssh_key.default"
                    ],
                    "primary": {
                        "id": "137957185",
                        "attributes": {
                            "backups": "false",
                            "disk": "25",
                            "id": "137957185",
                            "image": "docker-18-04",
                            "ipv4_address": "188.166.56.91",
                            "ipv4_address_private": "",
                            "ipv6": "false",
                            "ipv6_address": "",
                            "ipv6_address_private": "",
                            "locked": "false",
                            "memory": "1024",
                            "monitoring": "false",
                            "name": "web-1",
                            "price_hourly": "0.00744",
                            "price_monthly": "5",
                            "private_networking": "false",
                            "region": "ams3",
                            "resize_disk": "true",
                            "size": "s-1vcpu-1gb",
                            "ssh_keys.#": "1",
                            "ssh_keys.925625460": "96:11:b1:82:bb:89:ba:94:4f:4f:a6:d7:e6:bb:65:a8",
                            "status": "active",
                            "tags.#": "0",
                            "vcpus": "1",
                            "volume_ids.#": "0"
                        },
                        "meta": {
                            "schema_version": "1"
                        },
                        "tainted": false
                    },
                    "deposed": [],
                    "provider": "provider.digitalocean"
                },
                "digitalocean_ssh_key.default": {
                    "type": "digitalocean_ssh_key",
                    "depends_on": [],
                    "primary": {
                        "id": "24245807",
                        "attributes": {
                            "fingerprint": "96:11:b1:82:bb:89:ba:94:4f:4f:a6:d7:e6:bb:65:a8",
                            "id": "24245807",
                            "name": "pro pubkey",
                            "public_key": "ssh-rsa AAAAB3NzaC1yc2EAAAADAQABAAABAQCy49hJQPNw5Zt1l4Ka9RrXMDDJtd4Ft+tRXbMZgxyQOpDSQTp3GqY5nuPbtUrTjncjbnpCAgKK0SshbVxOtlxQPDFTzyX9c9D53+klOx/8qq7yyp87ET7AYF4JiglWNCDCeRGnNz79uDyrrdIegOiSRvwieJd3/SPYZDsTddBWpvG26Ryk6KMNeYVqKYUknB6Xj7ajlOOWycX3z/+j9/ZtqVJ37ZBp6vPH62F2XHWsXjz4amUvP4vgQkoHmK/yRvYHLYf64iErRnrUY2C1jn/f8UZcubhNEH/OuLzmzXM732wKEU1cZeLhHtK/Hm0oIwY4ZZURQ6NvDvknzsQwY/tp ignat@pro.local"
                        },
                        "meta": {},
                        "tainted": false
                    },
                    "deposed": [],
                    "provider": "provider.digitalocean"
                }
            },
            "depends_on": []
        }
    ]
}
